
Microsoft Visual Studio Solution File, Format Version 12.00
# Visual Studio Version 17
VisualStudioVersion = 17.1.32210.238
MinimumVisualStudioVersion = 10.0.40219.1
Project("{9A19103F-16F7-4668-BE54-9A1E7A4F7556}") = "Data_set_design", "Data_set_exercise\Data_set_design.csproj", "{B06EA282-2D6D-4090-B773-18EF8F666351}"
EndProject
Project("{9A19103F-16F7-4668-BE54-9A1E7A4F7556}") = "Creating_data_table", "Creating_data_table\Creating_data_table.csproj", "{FA182C09-E896-4663-88CC-7452F019B23A}"
EndProject
Project("{9A19103F-16F7-4668-BE54-9A1E7A4F7556}") = "Data_adapter_tinkering", "Data_adapter_tinkering\Data_adapter_tinkering.csproj", "{4A186A2F-502F-4835-AC3B-95AF889949B0}"
EndProject
Project("{2150E333-8FDC-42A3-9474-1A3956D46DE8}") = "Solution Items", "Solution Items", "{D4138E77-4ABF-46E2-A408-2A35667800B6}"
	ProjectSection(SolutionItems) = preProject
		.editorconfig = .editorconfig
	EndProjectSection
EndProject
Project("{FAE04EC0-301F-11D3-BF4B-00C04F79EFBC}") = "Data_adapter_wizard", "Data_adapter_wizard\Data_adapter_wizard.csproj", "{09F17840-2BE9-4202-9AEA-F98FBBB1092E}"
EndProject
Project("{FAE04EC0-301F-11D3-BF4B-00C04F79EFBC}") = "Working_data_table", "Working_data_table\Working_data_table.csproj", "{23C05C88-9D4C-4B27-AB9C-AD3A4859933F}"
EndProject
Project("{FAE04EC0-301F-11D3-BF4B-00C04F79EFBC}") = "Data_view_example", "Data_view_example\Data_view_example.csproj", "{15E51437-5D89-4726-9410-6FC45AD07743}"
EndProject
Global
	GlobalSection(SolutionConfigurationPlatforms) = preSolution
		Debug|Any CPU = Debug|Any CPU
		Release|Any CPU = Release|Any CPU
	EndGlobalSection
	GlobalSection(ProjectConfigurationPlatforms) = postSolution
		{B06EA282-2D6D-4090-B773-18EF8F666351}.Debug|Any CPU.ActiveCfg = Debug|Any CPU
		{B06EA282-2D6D-4090-B773-18EF8F666351}.Debug|Any CPU.Build.0 = Debug|Any CPU
		{B06EA282-2D6D-4090-B773-18EF8F666351}.Release|Any CPU.ActiveCfg = Release|Any CPU
		{B06EA282-2D6D-4090-B773-18EF8F666351}.Release|Any CPU.Build.0 = Release|Any CPU
		{FA182C09-E896-4663-88CC-7452F019B23A}.Debug|Any CPU.ActiveCfg = Debug|Any CPU
		{FA182C09-E896-4663-88CC-7452F019B23A}.Debug|Any CPU.Build.0 = Debug|Any CPU
		{FA182C09-E896-4663-88CC-7452F019B23A}.Release|Any CPU.ActiveCfg = Release|Any CPU
		{FA182C09-E896-4663-88CC-7452F019B23A}.Release|Any CPU.Build.0 = Release|Any CPU
		{4A186A2F-502F-4835-AC3B-95AF889949B0}.Debug|Any CPU.ActiveCfg = Debug|Any CPU
		{4A186A2F-502F-4835-AC3B-95AF889949B0}.Debug|Any CPU.Build.0 = Debug|Any CPU
		{4A186A2F-502F-4835-AC3B-95AF889949B0}.Release|Any CPU.ActiveCfg = Release|Any CPU
		{4A186A2F-502F-4835-AC3B-95AF889949B0}.Release|Any CPU.Build.0 = Release|Any CPU
		{09F17840-2BE9-4202-9AEA-F98FBBB1092E}.Debug|Any CPU.ActiveCfg = Debug|Any CPU
		{09F17840-2BE9-4202-9AEA-F98FBBB1092E}.Debug|Any CPU.Build.0 = Debug|Any CPU
		{09F17840-2BE9-4202-9AEA-F98FBBB1092E}.Release|Any CPU.ActiveCfg = Release|Any CPU
		{09F17840-2BE9-4202-9AEA-F98FBBB1092E}.Release|Any CPU.Build.0 = Release|Any CPU
		{23C05C88-9D4C-4B27-AB9C-AD3A4859933F}.Debug|Any CPU.ActiveCfg = Debug|Any CPU
		{23C05C88-9D4C-4B27-AB9C-AD3A4859933F}.Debug|Any CPU.Build.0 = Debug|Any CPU
		{23C05C88-9D4C-4B27-AB9C-AD3A4859933F}.Release|Any CPU.ActiveCfg = Release|Any CPU
		{23C05C88-9D4C-4B27-AB9C-AD3A4859933F}.Release|Any CPU.Build.0 = Release|Any CPU
		{15E51437-5D89-4726-9410-6FC45AD07743}.Debug|Any CPU.ActiveCfg = Debug|Any CPU
		{15E51437-5D89-4726-9410-6FC45AD07743}.Debug|Any CPU.Build.0 = Debug|Any CPU
		{15E51437-5D89-4726-9410-6FC45AD07743}.Release|Any CPU.ActiveCfg = Release|Any CPU
		{15E51437-5D89-4726-9410-6FC45AD07743}.Release|Any CPU.Build.0 = Release|Any CPU
	EndGlobalSection
	GlobalSection(SolutionProperties) = preSolution
		HideSolutionNode = FALSE
	EndGlobalSection
	GlobalSection(ExtensibilityGlobals) = postSolution
		SolutionGuid = {B7EEDBC2-D712-4215-B360-188035E7B90A}
	EndGlobalSection
EndGlobal
