
Microsoft Visual Studio Solution File, Format Version 12.00
# Visual Studio Version 17
VisualStudioVersion = 17.2.32602.215
MinimumVisualStudioVersion = 10.0.40219.1
Project("{8BC9CEB8-8B4A-11D0-8D11-00A0C91BC942}") = "Lesson_2", "Lesson_2\Lesson_2.vcxproj", "{0B478690-6C3D-4F0F-93E6-334EC86DF87F}"
EndProject
Project("{8BC9CEB8-8B4A-11D0-8D11-00A0C91BC942}") = "Lesson_1", "Lesson_1\Lesson_1.vcxproj", "{1795682A-73CE-4C9E-8F5A-AF5B8A3A6B8F}"
EndProject
Project("{8BC9CEB8-8B4A-11D0-8D11-00A0C91BC942}") = "Lesson_1_3_simple_var", "Lesson_1_3_simple_var\Lesson_1_3_simple_var.vcxproj", "{AC71FEEA-7BAE-478B-9A76-C8253BA375A0}"
EndProject
Project("{8BC9CEB8-8B4A-11D0-8D11-00A0C91BC942}") = "Lesson_3", "Lesson_3\Lesson_3.vcxproj", "{119D9D09-C42D-4BA4-9F14-F30E21B5397F}"
EndProject
Project("{8BC9CEB8-8B4A-11D0-8D11-00A0C91BC942}") = "Lesson_4", "Lesson_4\Lesson_4.vcxproj", "{7891F846-06F5-480D-9232-6B5E73B052B7}"
EndProject
Project("{8BC9CEB8-8B4A-11D0-8D11-00A0C91BC942}") = "Lesson_5", "Lesson_5\Lesson_5.vcxproj", "{EEE710F7-D3AA-4AB7-A5E7-0D9C9062A830}"
EndProject
Project("{8BC9CEB8-8B4A-11D0-8D11-00A0C91BC942}") = "Lesson_6", "Lesson_6\Lesson_6.vcxproj", "{18C6355B-2DD2-43C1-A464-F45A178A8AD7}"
EndProject
Project("{8BC9CEB8-8B4A-11D0-8D11-00A0C91BC942}") = "Lesson_7", "Lesson_7\Lesson_7.vcxproj", "{E17DF4B9-FFC6-45BF-A323-DEF30C503F29}"
EndProject
Project("{8BC9CEB8-8B4A-11D0-8D11-00A0C91BC942}") = "Address_book", "Address_book\Address_book.vcxproj", "{79FB3A3E-CF8D-4CD4-B4FA-A70C7FCB6903}"
EndProject
Project("{8BC9CEB8-8B4A-11D0-8D11-00A0C91BC942}") = "Lesson_8", "Lesson_8\Lesson_8.vcxproj", "{41355C22-4830-451F-92C2-FB201C608525}"
EndProject
Project("{8BC9CEB8-8B4A-11D0-8D11-00A0C91BC942}") = "Lesson_10", "Lesson_10\Lesson_10.vcxproj", "{4D562C99-5812-48A6-B5B9-AAAE85347F53}"
EndProject
Project("{8BC9CEB8-8B4A-11D0-8D11-00A0C91BC942}") = "Lesson_11", "Lesson_11\Lesson_11.vcxproj", "{9CD723B3-B7E5-44BF-8638-AF0A4E5DEC92}"
EndProject
Project("{8BC9CEB8-8B4A-11D0-8D11-00A0C91BC942}") = "Lesson_13", "Lesson_13\Lesson_13.vcxproj", "{4EC008CB-D5FC-4882-A7DA-B38E898AB61F}"
EndProject
Project("{8BC9CEB8-8B4A-11D0-8D11-00A0C91BC942}") = "Lesson_12", "Lesson_12\Lesson_12.vcxproj", "{D90F79E2-1311-41DC-B316-549873F32D52}"
EndProject
Project("{8BC9CEB8-8B4A-11D0-8D11-00A0C91BC942}") = "FInal_test_codes", "FInal_test_codes\FInal_test_codes.vcxproj", "{18A080A6-8DA3-4A6C-8E7C-A28E9CD42D93}"
EndProject
Global
	GlobalSection(SolutionConfigurationPlatforms) = preSolution
		Debug|x64 = Debug|x64
		Debug|x86 = Debug|x86
		Release|x64 = Release|x64
		Release|x86 = Release|x86
	EndGlobalSection
	GlobalSection(ProjectConfigurationPlatforms) = postSolution
		{0B478690-6C3D-4F0F-93E6-334EC86DF87F}.Debug|x64.ActiveCfg = Debug|x64
		{0B478690-6C3D-4F0F-93E6-334EC86DF87F}.Debug|x64.Build.0 = Debug|x64
		{0B478690-6C3D-4F0F-93E6-334EC86DF87F}.Debug|x86.ActiveCfg = Debug|Win32
		{0B478690-6C3D-4F0F-93E6-334EC86DF87F}.Debug|x86.Build.0 = Debug|Win32
		{0B478690-6C3D-4F0F-93E6-334EC86DF87F}.Release|x64.ActiveCfg = Release|x64
		{0B478690-6C3D-4F0F-93E6-334EC86DF87F}.Release|x64.Build.0 = Release|x64
		{0B478690-6C3D-4F0F-93E6-334EC86DF87F}.Release|x86.ActiveCfg = Release|Win32
		{0B478690-6C3D-4F0F-93E6-334EC86DF87F}.Release|x86.Build.0 = Release|Win32
		{1795682A-73CE-4C9E-8F5A-AF5B8A3A6B8F}.Debug|x64.ActiveCfg = Debug|x64
		{1795682A-73CE-4C9E-8F5A-AF5B8A3A6B8F}.Debug|x64.Build.0 = Debug|x64
		{1795682A-73CE-4C9E-8F5A-AF5B8A3A6B8F}.Debug|x86.ActiveCfg = Debug|Win32
		{1795682A-73CE-4C9E-8F5A-AF5B8A3A6B8F}.Debug|x86.Build.0 = Debug|Win32
		{1795682A-73CE-4C9E-8F5A-AF5B8A3A6B8F}.Release|x64.ActiveCfg = Release|x64
		{1795682A-73CE-4C9E-8F5A-AF5B8A3A6B8F}.Release|x64.Build.0 = Release|x64
		{1795682A-73CE-4C9E-8F5A-AF5B8A3A6B8F}.Release|x86.ActiveCfg = Release|Win32
		{1795682A-73CE-4C9E-8F5A-AF5B8A3A6B8F}.Release|x86.Build.0 = Release|Win32
		{AC71FEEA-7BAE-478B-9A76-C8253BA375A0}.Debug|x64.ActiveCfg = Debug|x64
		{AC71FEEA-7BAE-478B-9A76-C8253BA375A0}.Debug|x64.Build.0 = Debug|x64
		{AC71FEEA-7BAE-478B-9A76-C8253BA375A0}.Debug|x86.ActiveCfg = Debug|Win32
		{AC71FEEA-7BAE-478B-9A76-C8253BA375A0}.Debug|x86.Build.0 = Debug|Win32
		{AC71FEEA-7BAE-478B-9A76-C8253BA375A0}.Release|x64.ActiveCfg = Release|x64
		{AC71FEEA-7BAE-478B-9A76-C8253BA375A0}.Release|x64.Build.0 = Release|x64
		{AC71FEEA-7BAE-478B-9A76-C8253BA375A0}.Release|x86.ActiveCfg = Release|Win32
		{AC71FEEA-7BAE-478B-9A76-C8253BA375A0}.Release|x86.Build.0 = Release|Win32
		{119D9D09-C42D-4BA4-9F14-F30E21B5397F}.Debug|x64.ActiveCfg = Debug|x64
		{119D9D09-C42D-4BA4-9F14-F30E21B5397F}.Debug|x64.Build.0 = Debug|x64
		{119D9D09-C42D-4BA4-9F14-F30E21B5397F}.Debug|x86.ActiveCfg = Debug|Win32
		{119D9D09-C42D-4BA4-9F14-F30E21B5397F}.Debug|x86.Build.0 = Debug|Win32
		{119D9D09-C42D-4BA4-9F14-F30E21B5397F}.Release|x64.ActiveCfg = Release|x64
		{119D9D09-C42D-4BA4-9F14-F30E21B5397F}.Release|x64.Build.0 = Release|x64
		{119D9D09-C42D-4BA4-9F14-F30E21B5397F}.Release|x86.ActiveCfg = Release|Win32
		{119D9D09-C42D-4BA4-9F14-F30E21B5397F}.Release|x86.Build.0 = Release|Win32
		{7891F846-06F5-480D-9232-6B5E73B052B7}.Debug|x64.ActiveCfg = Debug|x64
		{7891F846-06F5-480D-9232-6B5E73B052B7}.Debug|x64.Build.0 = Debug|x64
		{7891F846-06F5-480D-9232-6B5E73B052B7}.Debug|x86.ActiveCfg = Debug|Win32
		{7891F846-06F5-480D-9232-6B5E73B052B7}.Debug|x86.Build.0 = Debug|Win32
		{7891F846-06F5-480D-9232-6B5E73B052B7}.Release|x64.ActiveCfg = Release|x64
		{7891F846-06F5-480D-9232-6B5E73B052B7}.Release|x64.Build.0 = Release|x64
		{7891F846-06F5-480D-9232-6B5E73B052B7}.Release|x86.ActiveCfg = Release|Win32
		{7891F846-06F5-480D-9232-6B5E73B052B7}.Release|x86.Build.0 = Release|Win32
		{EEE710F7-D3AA-4AB7-A5E7-0D9C9062A830}.Debug|x64.ActiveCfg = Debug|x64
		{EEE710F7-D3AA-4AB7-A5E7-0D9C9062A830}.Debug|x64.Build.0 = Debug|x64
		{EEE710F7-D3AA-4AB7-A5E7-0D9C9062A830}.Debug|x86.ActiveCfg = Debug|Win32
		{EEE710F7-D3AA-4AB7-A5E7-0D9C9062A830}.Debug|x86.Build.0 = Debug|Win32
		{EEE710F7-D3AA-4AB7-A5E7-0D9C9062A830}.Release|x64.ActiveCfg = Release|x64
		{EEE710F7-D3AA-4AB7-A5E7-0D9C9062A830}.Release|x64.Build.0 = Release|x64
		{EEE710F7-D3AA-4AB7-A5E7-0D9C9062A830}.Release|x86.ActiveCfg = Release|Win32
		{EEE710F7-D3AA-4AB7-A5E7-0D9C9062A830}.Release|x86.Build.0 = Release|Win32
		{18C6355B-2DD2-43C1-A464-F45A178A8AD7}.Debug|x64.ActiveCfg = Debug|x64
		{18C6355B-2DD2-43C1-A464-F45A178A8AD7}.Debug|x64.Build.0 = Debug|x64
		{18C6355B-2DD2-43C1-A464-F45A178A8AD7}.Debug|x86.ActiveCfg = Debug|Win32
		{18C6355B-2DD2-43C1-A464-F45A178A8AD7}.Debug|x86.Build.0 = Debug|Win32
		{18C6355B-2DD2-43C1-A464-F45A178A8AD7}.Release|x64.ActiveCfg = Release|x64
		{18C6355B-2DD2-43C1-A464-F45A178A8AD7}.Release|x64.Build.0 = Release|x64
		{18C6355B-2DD2-43C1-A464-F45A178A8AD7}.Release|x86.ActiveCfg = Release|Win32
		{18C6355B-2DD2-43C1-A464-F45A178A8AD7}.Release|x86.Build.0 = Release|Win32
		{E17DF4B9-FFC6-45BF-A323-DEF30C503F29}.Debug|x64.ActiveCfg = Debug|x64
		{E17DF4B9-FFC6-45BF-A323-DEF30C503F29}.Debug|x64.Build.0 = Debug|x64
		{E17DF4B9-FFC6-45BF-A323-DEF30C503F29}.Debug|x86.ActiveCfg = Debug|Win32
		{E17DF4B9-FFC6-45BF-A323-DEF30C503F29}.Debug|x86.Build.0 = Debug|Win32
		{E17DF4B9-FFC6-45BF-A323-DEF30C503F29}.Release|x64.ActiveCfg = Release|x64
		{E17DF4B9-FFC6-45BF-A323-DEF30C503F29}.Release|x64.Build.0 = Release|x64
		{E17DF4B9-FFC6-45BF-A323-DEF30C503F29}.Release|x86.ActiveCfg = Release|Win32
		{E17DF4B9-FFC6-45BF-A323-DEF30C503F29}.Release|x86.Build.0 = Release|Win32
		{79FB3A3E-CF8D-4CD4-B4FA-A70C7FCB6903}.Debug|x64.ActiveCfg = Debug|x64
		{79FB3A3E-CF8D-4CD4-B4FA-A70C7FCB6903}.Debug|x64.Build.0 = Debug|x64
		{79FB3A3E-CF8D-4CD4-B4FA-A70C7FCB6903}.Debug|x86.ActiveCfg = Debug|Win32
		{79FB3A3E-CF8D-4CD4-B4FA-A70C7FCB6903}.Debug|x86.Build.0 = Debug|Win32
		{79FB3A3E-CF8D-4CD4-B4FA-A70C7FCB6903}.Release|x64.ActiveCfg = Release|x64
		{79FB3A3E-CF8D-4CD4-B4FA-A70C7FCB6903}.Release|x64.Build.0 = Release|x64
		{79FB3A3E-CF8D-4CD4-B4FA-A70C7FCB6903}.Release|x86.ActiveCfg = Release|Win32
		{79FB3A3E-CF8D-4CD4-B4FA-A70C7FCB6903}.Release|x86.Build.0 = Release|Win32
		{41355C22-4830-451F-92C2-FB201C608525}.Debug|x64.ActiveCfg = Debug|x64
		{41355C22-4830-451F-92C2-FB201C608525}.Debug|x64.Build.0 = Debug|x64
		{41355C22-4830-451F-92C2-FB201C608525}.Debug|x86.ActiveCfg = Debug|Win32
		{41355C22-4830-451F-92C2-FB201C608525}.Debug|x86.Build.0 = Debug|Win32
		{41355C22-4830-451F-92C2-FB201C608525}.Release|x64.ActiveCfg = Release|x64
		{41355C22-4830-451F-92C2-FB201C608525}.Release|x64.Build.0 = Release|x64
		{41355C22-4830-451F-92C2-FB201C608525}.Release|x86.ActiveCfg = Release|Win32
		{41355C22-4830-451F-92C2-FB201C608525}.Release|x86.Build.0 = Release|Win32
		{4D562C99-5812-48A6-B5B9-AAAE85347F53}.Debug|x64.ActiveCfg = Debug|x64
		{4D562C99-5812-48A6-B5B9-AAAE85347F53}.Debug|x64.Build.0 = Debug|x64
		{4D562C99-5812-48A6-B5B9-AAAE85347F53}.Debug|x86.ActiveCfg = Debug|Win32
		{4D562C99-5812-48A6-B5B9-AAAE85347F53}.Debug|x86.Build.0 = Debug|Win32
		{4D562C99-5812-48A6-B5B9-AAAE85347F53}.Release|x64.ActiveCfg = Release|x64
		{4D562C99-5812-48A6-B5B9-AAAE85347F53}.Release|x64.Build.0 = Release|x64
		{4D562C99-5812-48A6-B5B9-AAAE85347F53}.Release|x86.ActiveCfg = Release|Win32
		{4D562C99-5812-48A6-B5B9-AAAE85347F53}.Release|x86.Build.0 = Release|Win32
		{9CD723B3-B7E5-44BF-8638-AF0A4E5DEC92}.Debug|x64.ActiveCfg = Debug|x64
		{9CD723B3-B7E5-44BF-8638-AF0A4E5DEC92}.Debug|x64.Build.0 = Debug|x64
		{9CD723B3-B7E5-44BF-8638-AF0A4E5DEC92}.Debug|x86.ActiveCfg = Debug|Win32
		{9CD723B3-B7E5-44BF-8638-AF0A4E5DEC92}.Debug|x86.Build.0 = Debug|Win32
		{9CD723B3-B7E5-44BF-8638-AF0A4E5DEC92}.Release|x64.ActiveCfg = Release|x64
		{9CD723B3-B7E5-44BF-8638-AF0A4E5DEC92}.Release|x64.Build.0 = Release|x64
		{9CD723B3-B7E5-44BF-8638-AF0A4E5DEC92}.Release|x86.ActiveCfg = Release|Win32
		{9CD723B3-B7E5-44BF-8638-AF0A4E5DEC92}.Release|x86.Build.0 = Release|Win32
		{4EC008CB-D5FC-4882-A7DA-B38E898AB61F}.Debug|x64.ActiveCfg = Debug|x64
		{4EC008CB-D5FC-4882-A7DA-B38E898AB61F}.Debug|x64.Build.0 = Debug|x64
		{4EC008CB-D5FC-4882-A7DA-B38E898AB61F}.Debug|x86.ActiveCfg = Debug|Win32
		{4EC008CB-D5FC-4882-A7DA-B38E898AB61F}.Debug|x86.Build.0 = Debug|Win32
		{4EC008CB-D5FC-4882-A7DA-B38E898AB61F}.Release|x64.ActiveCfg = Release|x64
		{4EC008CB-D5FC-4882-A7DA-B38E898AB61F}.Release|x64.Build.0 = Release|x64
		{4EC008CB-D5FC-4882-A7DA-B38E898AB61F}.Release|x86.ActiveCfg = Release|Win32
		{4EC008CB-D5FC-4882-A7DA-B38E898AB61F}.Release|x86.Build.0 = Release|Win32
		{D90F79E2-1311-41DC-B316-549873F32D52}.Debug|x64.ActiveCfg = Debug|x64
		{D90F79E2-1311-41DC-B316-549873F32D52}.Debug|x64.Build.0 = Debug|x64
		{D90F79E2-1311-41DC-B316-549873F32D52}.Debug|x86.ActiveCfg = Debug|Win32
		{D90F79E2-1311-41DC-B316-549873F32D52}.Debug|x86.Build.0 = Debug|Win32
		{D90F79E2-1311-41DC-B316-549873F32D52}.Release|x64.ActiveCfg = Release|x64
		{D90F79E2-1311-41DC-B316-549873F32D52}.Release|x64.Build.0 = Release|x64
		{D90F79E2-1311-41DC-B316-549873F32D52}.Release|x86.ActiveCfg = Release|Win32
		{D90F79E2-1311-41DC-B316-549873F32D52}.Release|x86.Build.0 = Release|Win32
		{18A080A6-8DA3-4A6C-8E7C-A28E9CD42D93}.Debug|x64.ActiveCfg = Debug|x64
		{18A080A6-8DA3-4A6C-8E7C-A28E9CD42D93}.Debug|x64.Build.0 = Debug|x64
		{18A080A6-8DA3-4A6C-8E7C-A28E9CD42D93}.Debug|x86.ActiveCfg = Debug|Win32
		{18A080A6-8DA3-4A6C-8E7C-A28E9CD42D93}.Debug|x86.Build.0 = Debug|Win32
		{18A080A6-8DA3-4A6C-8E7C-A28E9CD42D93}.Release|x64.ActiveCfg = Release|x64
		{18A080A6-8DA3-4A6C-8E7C-A28E9CD42D93}.Release|x64.Build.0 = Release|x64
		{18A080A6-8DA3-4A6C-8E7C-A28E9CD42D93}.Release|x86.ActiveCfg = Release|Win32
		{18A080A6-8DA3-4A6C-8E7C-A28E9CD42D93}.Release|x86.Build.0 = Release|Win32
	EndGlobalSection
	GlobalSection(SolutionProperties) = preSolution
		HideSolutionNode = FALSE
	EndGlobalSection
	GlobalSection(ExtensibilityGlobals) = postSolution
		SolutionGuid = {FB3DD9DA-FB6A-4658-A7F1-736F5335E3B1}
	EndGlobalSection
EndGlobal
