
Microsoft Visual Studio Solution File, Format Version 12.00
# Visual Studio Version 17
VisualStudioVersion = 17.0.32112.339
MinimumVisualStudioVersion = 10.0.40219.1
Project("{FAE04EC0-301F-11D3-BF4B-00C04F79EFBC}") = "MdiApplication", "MdiApplication.csproj", "{A4A56FB7-1910-4757-9201-A69BC879619C}"
EndProject
Global
	GlobalSection(SolutionConfigurationPlatforms) = preSolution
		Debug|Any CPU = Debug|Any CPU
		Release|Any CPU = Release|Any CPU
	EndGlobalSection
	GlobalSection(ProjectConfigurationPlatforms) = postSolution
		{A4A56FB7-1910-4757-9201-A69BC879619C}.Debug|Any CPU.ActiveCfg = Debug|Any CPU
		{A4A56FB7-1910-4757-9201-A69BC879619C}.Debug|Any CPU.Build.0 = Debug|Any CPU
		{A4A56FB7-1910-4757-9201-A69BC879619C}.Release|Any CPU.ActiveCfg = Release|Any CPU
		{A4A56FB7-1910-4757-9201-A69BC879619C}.Release|Any CPU.Build.0 = Release|Any CPU
	EndGlobalSection
	GlobalSection(SolutionProperties) = preSolution
		HideSolutionNode = FALSE
	EndGlobalSection
	GlobalSection(ExtensibilityGlobals) = postSolution
		SolutionGuid = {2C253D4B-807C-4088-BB5B-530E68A718CB}
	EndGlobalSection
EndGlobal
