
Microsoft Visual Studio Solution File, Format Version 12.00
# Visual Studio Version 17
VisualStudioVersion = 17.1.32210.238
MinimumVisualStudioVersion = 10.0.40219.1
Project("{FAE04EC0-301F-11D3-BF4B-00C04F79EFBC}") = "Course_manager", "Course_manager\Course_manager.csproj", "{8583C996-5165-44AA-9DAB-3A49900538AE}"
EndProject
Project("{FAE04EC0-301F-11D3-BF4B-00C04F79EFBC}") = "Customer_manager", "CustomerManager\Customer_manager.csproj", "{DB0254CD-1CA7-4B0F-A90D-0F9C44A97501}"
EndProject
Project("{FAE04EC0-301F-11D3-BF4B-00C04F79EFBC}") = "Code_first", "Code_first\Code_first.csproj", "{CF8E6C48-43A1-4BDE-8602-05DD5C3808A8}"
EndProject
Global
	GlobalSection(SolutionConfigurationPlatforms) = preSolution
		Debug|Any CPU = Debug|Any CPU
		Release|Any CPU = Release|Any CPU
	EndGlobalSection
	GlobalSection(ProjectConfigurationPlatforms) = postSolution
		{8583C996-5165-44AA-9DAB-3A49900538AE}.Debug|Any CPU.ActiveCfg = Debug|Any CPU
		{8583C996-5165-44AA-9DAB-3A49900538AE}.Debug|Any CPU.Build.0 = Debug|Any CPU
		{8583C996-5165-44AA-9DAB-3A49900538AE}.Release|Any CPU.ActiveCfg = Release|Any CPU
		{8583C996-5165-44AA-9DAB-3A49900538AE}.Release|Any CPU.Build.0 = Release|Any CPU
		{DB0254CD-1CA7-4B0F-A90D-0F9C44A97501}.Debug|Any CPU.ActiveCfg = Debug|Any CPU
		{DB0254CD-1CA7-4B0F-A90D-0F9C44A97501}.Debug|Any CPU.Build.0 = Debug|Any CPU
		{DB0254CD-1CA7-4B0F-A90D-0F9C44A97501}.Release|Any CPU.ActiveCfg = Release|Any CPU
		{DB0254CD-1CA7-4B0F-A90D-0F9C44A97501}.Release|Any CPU.Build.0 = Release|Any CPU
		{CF8E6C48-43A1-4BDE-8602-05DD5C3808A8}.Debug|Any CPU.ActiveCfg = Debug|Any CPU
		{CF8E6C48-43A1-4BDE-8602-05DD5C3808A8}.Debug|Any CPU.Build.0 = Debug|Any CPU
		{CF8E6C48-43A1-4BDE-8602-05DD5C3808A8}.Release|Any CPU.ActiveCfg = Release|Any CPU
		{CF8E6C48-43A1-4BDE-8602-05DD5C3808A8}.Release|Any CPU.Build.0 = Release|Any CPU
	EndGlobalSection
	GlobalSection(SolutionProperties) = preSolution
		HideSolutionNode = FALSE
	EndGlobalSection
	GlobalSection(ExtensibilityGlobals) = postSolution
		SolutionGuid = {C6F36294-C2C8-4E8F-9EB7-6B5B748BFBDB}
	EndGlobalSection
EndGlobal
