
Microsoft Visual Studio Solution File, Format Version 12.00
# Visual Studio Version 17
VisualStudioVersion = 17.2.32602.215
MinimumVisualStudioVersion = 10.0.40219.1
Project("{FAE04EC0-301F-11D3-BF4B-00C04F79EFBC}") = "Student_scores", "Student_scores.csproj", "{A2D68159-0907-49CE-B9CB-108257E53BA6}"
EndProject
Global
	GlobalSection(SolutionConfigurationPlatforms) = preSolution
		Debug|Any CPU = Debug|Any CPU
		Release|Any CPU = Release|Any CPU
	EndGlobalSection
	GlobalSection(ProjectConfigurationPlatforms) = postSolution
		{A2D68159-0907-49CE-B9CB-108257E53BA6}.Debug|Any CPU.ActiveCfg = Debug|Any CPU
		{A2D68159-0907-49CE-B9CB-108257E53BA6}.Debug|Any CPU.Build.0 = Debug|Any CPU
		{A2D68159-0907-49CE-B9CB-108257E53BA6}.Release|Any CPU.ActiveCfg = Release|Any CPU
		{A2D68159-0907-49CE-B9CB-108257E53BA6}.Release|Any CPU.Build.0 = Release|Any CPU
	EndGlobalSection
	GlobalSection(SolutionProperties) = preSolution
		HideSolutionNode = FALSE
	EndGlobalSection
	GlobalSection(ExtensibilityGlobals) = postSolution
		SolutionGuid = {A7E85361-7754-45A4-88A9-E2A292BA3E4B}
	EndGlobalSection
EndGlobal
