
Microsoft Visual Studio Solution File, Format Version 12.00
# Visual Studio Version 17
VisualStudioVersion = 17.1.32210.238
MinimumVisualStudioVersion = 10.0.40219.1
Project("{FAE04EC0-301F-11D3-BF4B-00C04F79EFBC}") = "WpfHelloNav", "WpfHelloNav.csproj", "{D7AF8235-0F3B-4F93-BDAB-A23F576C5E13}"
EndProject
Global
	GlobalSection(SolutionConfigurationPlatforms) = preSolution
		Debug|Any CPU = Debug|Any CPU
		Release|Any CPU = Release|Any CPU
	EndGlobalSection
	GlobalSection(ProjectConfigurationPlatforms) = postSolution
		{D7AF8235-0F3B-4F93-BDAB-A23F576C5E13}.Debug|Any CPU.ActiveCfg = Debug|Any CPU
		{D7AF8235-0F3B-4F93-BDAB-A23F576C5E13}.Debug|Any CPU.Build.0 = Debug|Any CPU
		{D7AF8235-0F3B-4F93-BDAB-A23F576C5E13}.Release|Any CPU.ActiveCfg = Release|Any CPU
		{D7AF8235-0F3B-4F93-BDAB-A23F576C5E13}.Release|Any CPU.Build.0 = Release|Any CPU
	EndGlobalSection
	GlobalSection(SolutionProperties) = preSolution
		HideSolutionNode = FALSE
	EndGlobalSection
	GlobalSection(ExtensibilityGlobals) = postSolution
		SolutionGuid = {063E105D-40CD-49A4-AB0D-70D7091F7C28}
	EndGlobalSection
EndGlobal
