
Microsoft Visual Studio Solution File, Format Version 12.00
# Visual Studio Version 17
VisualStudioVersion = 17.0.32112.339
MinimumVisualStudioVersion = 10.0.40219.1
Project("{FAE04EC0-301F-11D3-BF4B-00C04F79EFBC}") = "WinQuestion", "WinFormCourseEx2.1\WinQuestion.csproj", "{EE5E77B0-A2AB-4CBE-B7E3-AB8E20D30A05}"
EndProject
Project("{FAE04EC0-301F-11D3-BF4B-00C04F79EFBC}") = "TestList", "WinFormCourseEx2.2\TestList.csproj", "{D65BF62C-318E-4163-B9CB-6E66CF4A2845}"
EndProject
Global
	GlobalSection(SolutionConfigurationPlatforms) = preSolution
		Debug|Any CPU = Debug|Any CPU
		Release|Any CPU = Release|Any CPU
	EndGlobalSection
	GlobalSection(ProjectConfigurationPlatforms) = postSolution
		{EE5E77B0-A2AB-4CBE-B7E3-AB8E20D30A05}.Debug|Any CPU.ActiveCfg = Debug|Any CPU
		{EE5E77B0-A2AB-4CBE-B7E3-AB8E20D30A05}.Debug|Any CPU.Build.0 = Debug|Any CPU
		{EE5E77B0-A2AB-4CBE-B7E3-AB8E20D30A05}.Release|Any CPU.ActiveCfg = Release|Any CPU
		{EE5E77B0-A2AB-4CBE-B7E3-AB8E20D30A05}.Release|Any CPU.Build.0 = Release|Any CPU
		{D65BF62C-318E-4163-B9CB-6E66CF4A2845}.Debug|Any CPU.ActiveCfg = Debug|Any CPU
		{D65BF62C-318E-4163-B9CB-6E66CF4A2845}.Debug|Any CPU.Build.0 = Debug|Any CPU
		{D65BF62C-318E-4163-B9CB-6E66CF4A2845}.Release|Any CPU.ActiveCfg = Release|Any CPU
		{D65BF62C-318E-4163-B9CB-6E66CF4A2845}.Release|Any CPU.Build.0 = Release|Any CPU
	EndGlobalSection
	GlobalSection(SolutionProperties) = preSolution
		HideSolutionNode = FALSE
	EndGlobalSection
	GlobalSection(ExtensibilityGlobals) = postSolution
		SolutionGuid = {4FEC5D10-B435-4806-8487-F59D6DDFEBFB}
	EndGlobalSection
EndGlobal
